<?xml version="1.0" encoding="utf-8"?>
<Project ToolsVersion="4.0" xmlns="http://schemas.microsoft.com/developer/msbuild/2003">
  <ItemGroup>
    <ClCompile Include="AudioManager.cpp" />
    <ClCompile Include="AudioTestSuite.cpp" />
    <ClCompile Include="CheckClass.cpp" />
    <ClCompile Include="ChildrenOfOsi.cpp" />
    <ClCompile Include="Containers.cpp" />
    <ClCompile Include="DummyController.cpp" />
    <ClCompile Include="Factions.cpp" />
    <ClCompile Include="GameWindow.cpp" />
    <ClCompile Include="Hero.cpp" />
    <ClCompile Include="Input.cpp" />
    <ClCompile Include="LivingObj.cpp" />
    <ClCompile Include="Main.cpp" />
    <ClCompile Include="Manager.cpp" />
    <ClCompile Include="memManager.cpp" />
    <ClCompile Include="MemNode.cpp" />
    <ClCompile Include="MemoryHelper.cpp" />
    <ClCompile Include="MemoryTestSuite.cpp" />
    <ClCompile Include="MessageLog.cpp" />
    <ClCompile Include="Movement.cpp" />
    <ClCompile Include="NPC.cpp" />
    <ClCompile Include="PhysicsManager.cpp" />
    <ClCompile Include="Player.cpp" />
    <ClCompile Include="MemoryPool.cpp" />
    <ClCompile Include="Projectile.cpp" />
    <ClCompile Include="QuadTree.cpp" />
    <ClCompile Include="RenderHelper.cpp" />
    <ClCompile Include="RenderManager.cpp" />
    <ClCompile Include="Soldier.cpp" />
    <ClCompile Include="SoundSystem.cpp" />
    <ClCompile Include="SplSoldier.cpp" />
    <ClCompile Include="Sprite.cpp" />
    <ClCompile Include="stdafx.cpp" />
    <ClCompile Include="Task.cpp" />
    <ClCompile Include="TaskBuffer.cpp" />
    <ClCompile Include="TestManager.cpp" />
    <ClCompile Include="Texture.cpp" />
    <ClCompile Include="Vector2f.cpp" />
    <ClCompile Include="WorldObj.cpp" />
    <ClCompile Include="AIManager.cpp" />
  </ItemGroup>
  <ItemGroup>
    <ClInclude Include="AudioManager.h" />
    <ClInclude Include="AudioTestSuite.h" />
    <ClInclude Include="CheckClass.h" />
    <ClInclude Include="ChildrenOfOsi.h" />
    <ClInclude Include="common.h" />
    <ClInclude Include="Containers.h" />
    <ClInclude Include="DummyController.h" />
    <ClInclude Include="Factions.h" />
    <ClInclude Include="GameWindow.h" />
    <ClInclude Include="Hero.h" />
    <ClInclude Include="Input.h" />
    <ClInclude Include="LivingObj.h" />
    <ClInclude Include="Manager.h" />
    <ClInclude Include="memManager.h" />
    <ClInclude Include="MemNode.h" />
    <ClInclude Include="MemoryHelper.h" />
    <ClInclude Include="MemoryTestSuite.h" />
    <ClInclude Include="MessageLog.h" />
    <ClInclude Include="Movement.h" />
    <ClInclude Include="NPC.h" />
    <ClInclude Include="PhysicsManager.h" />
    <ClInclude Include="Player.h" />
    <ClInclude Include="MemoryPool.h" />
    <ClInclude Include="Projectile.h" />
    <ClInclude Include="QuadTree.h" />
    <ClInclude Include="Rectangle.h" />
    <ClInclude Include="RenderHelper.h" />
    <ClInclude Include="RenderManager.h" />
    <ClInclude Include="resource.h" />
    <ClInclude Include="Soldier.h" />
    <ClInclude Include="SoundSystem.h" />
    <ClInclude Include="SplSoldier.h" />
    <ClInclude Include="Sprite.h" />
    <ClInclude Include="stdafx.h" />
    <ClInclude Include="targetver.h" />
    <ClInclude Include="Task.h" />
    <ClInclude Include="TaskBuffer.h" />
    <ClInclude Include="TestManager.h" />
    <ClInclude Include="Texture.h" />
    <ClInclude Include="Vector2f.h" />
    <ClInclude Include="WorldObj.h" />
    <ClInclude Include="AIManager.h" />
  </ItemGroup>
  <ItemGroup>
    <None Include="ClassDiagram.cd" />
  </ItemGroup>
  <ItemGroup>
    <Text Include="audio_test.txt" />
    <Text Include="memory_test.txt" />
    <Text Include="message_log.txt" />
    <Text Include="physics_test.txt" />
    <Text Include="ReadMe.txt" />
    <Text Include="render_test.txt" />
    <Text Include="task_buffer_test.txt" />
  </ItemGroup>
</Project>